<?xml version="1.0" encoding="utf-8"?>
<Project ToolsVersion="4.0" xmlns="http://schemas.microsoft.com/developer/msbuild/2003">
  <ItemGroup>
    <Filter Include="소스 파일">
      <UniqueIdentifier>{4FC737F1-C7A5-4376-A066-2A32D752A2FF}</UniqueIdentifier>
      <Extensions>cpp;c;cc;cxx;c++;cppm;ixx;def;odl;idl;hpj;bat;asm;asmx</Extensions>
    </Filter>
    <Filter Include="헤더 파일">
      <UniqueIdentifier>{93995380-89BD-4b04-88EB-625FBE52EBFB}</UniqueIdentifier>
      <Extensions>h;hh;hpp;hxx;h++;hm;inl;inc;ipp;xsd</Extensions>
    </Filter>
    <Filter Include="리소스 파일">
      <UniqueIdentifier>{67DA6AB6-F800-4c08-8B7A-83BB121AAD01}</UniqueIdentifier>
      <Extensions>rc;ico;cur;bmp;dlg;rc2;rct;bin;rgs;gif;jpg;jpeg;jpe;resx;tiff;tif;png;wav;mfcribbon-ms</Extensions>
    </Filter>
    <Filter Include="pch">
      <UniqueIdentifier>{152f115b-df46-4a50-8ea3-0674522420b5}</UniqueIdentifier>
    </Filter>
    <Filter Include="MainEntry">
      <UniqueIdentifier>{f014c1c3-ee4b-4941-929d-83db433c63e2}</UniqueIdentifier>
    </Filter>
    <Filter Include="Stack">
      <UniqueIdentifier>{d6d6f09c-2004-49a6-9878-ca7a234e7c41}</UniqueIdentifier>
    </Filter>
    <Filter Include="Interface">
      <UniqueIdentifier>{5ad77087-08d4-438e-a271-b125f8eede70}</UniqueIdentifier>
    </Filter>
    <Filter Include="Queue">
      <UniqueIdentifier>{fcfab55e-1840-46cd-89df-2e4050b556b4}</UniqueIdentifier>
    </Filter>
    <Filter Include="Pool">
      <UniqueIdentifier>{eb6f4bc7-1a4a-42ab-b490-5fbe1c856ffa}</UniqueIdentifier>
    </Filter>
  </ItemGroup>
  <ItemGroup>
    <ClCompile Include="pch.cpp">
      <Filter>pch</Filter>
    </ClCompile>
    <ClCompile Include="dllmain.cpp">
      <Filter>MainEntry</Filter>
    </ClCompile>
    <ClCompile Include="SpinLock.cpp">
      <Filter>소스 파일</Filter>
    </ClCompile>
    <ClCompile Include="LockFreeStack.cpp">
      <Filter>Stack</Filter>
    </ClCompile>
    <ClCompile Include="LockFreeQueue.cpp">
      <Filter>Queue</Filter>
    </ClCompile>
    <ClCompile Include="LockFreePool.cpp">
      <Filter>Pool</Filter>
    </ClCompile>
  </ItemGroup>
  <ItemGroup>
    <ClInclude Include="pch.h">
      <Filter>pch</Filter>
    </ClInclude>
    <ClInclude Include="IndexLockFreeStack.h">
      <Filter>Stack</Filter>
    </ClInclude>
    <ClInclude Include="SpinLock.h">
      <Filter>헤더 파일</Filter>
    </ClInclude>
    <ClInclude Include="..\LockFreeContainerInterface\ILockFreeStack.h">
      <Filter>Interface</Filter>
    </ClInclude>
    <ClInclude Include="LockFreeStack.h">
      <Filter>Stack</Filter>
    </ClInclude>
    <ClInclude Include="LockFreePool.h">
      <Filter>Pool</Filter>
    </ClInclude>
  </ItemGroup>
  <ItemGroup>
    <None Include="DLL_def.def">
      <Filter>소스 파일</Filter>
    </None>
    <None Include="cpp.hint" />
  </ItemGroup>
</Project>